
Microsoft Visual Studio Solution File, Format Version 12.00
# Visual Studio Version 17
VisualStudioVersion = 17.9.34701.34
MinimumVisualStudioVersion = 10.0.40219.1
Project("{9A19103F-16F7-4668-BE54-9A1E7A4F7556}") = "TWN.DiscordBot.Bot", "TWN.DiscordBot.App\TWN.DiscordBot.Bot.csproj", "{65EE1A78-B1EB-48AD-A7E3-41C40FB2C436}"
EndProject
Project("{9A19103F-16F7-4668-BE54-9A1E7A4F7556}") = "TWN.DiscordBot.Twitch", "TWN.DiscordBot.Twitch\TWN.DiscordBot.Twitch.csproj", "{4A1EA235-DB20-45D3-B2FA-26A0E8E3BFD7}"
EndProject
Project("{9A19103F-16F7-4668-BE54-9A1E7A4F7556}") = "TWN.DiscordBot.Interfaces", "TWN.DiscordBot.Interfaces\TWN.DiscordBot.Interfaces.csproj", "{81008FC1-1319-4A8E-81A4-E1C309059977}"
EndProject
Project("{9A19103F-16F7-4668-BE54-9A1E7A4F7556}") = "TWN.DiscordBot.Discord", "TWN.DiscordBot.Discord\TWN.DiscordBot.Discord.csproj", "{8E9360D3-E0CD-4438-B9F2-4E7DBD1A2856}"
EndProject
Project("{9A19103F-16F7-4668-BE54-9A1E7A4F7556}") = "TWN.DiscordBot.DataStore", "TWN.DiscordBot.DataStore\TWN.DiscordBot.DataStore.csproj", "{F17972EE-5934-419C-93F9-FADE241D7ED6}"
EndProject
Project("{9A19103F-16F7-4668-BE54-9A1E7A4F7556}") = "TWN.DiscordBot.Settings", "TWN.DiscordBot.Settings\TWN.DiscordBot.Settings.csproj", "{B53998CF-2522-4A6B-8263-1451B8D18C06}"
EndProject
Project("{9A19103F-16F7-4668-BE54-9A1E7A4F7556}") = "TWN.DiscordBot.Utils", "TWN.DiscordBot.Utils\TWN.DiscordBot.Utils.csproj", "{B3ED0AAC-15BB-410D-AE97-2CEC51E68804}"
EndProject
Project("{9A19103F-16F7-4668-BE54-9A1E7A4F7556}") = "TWN.DiscordBot.WebHost", "TWN.DiscordBot.WebHost\TWN.DiscordBot.WebHost.csproj", "{46388336-4024-4DBE-99D9-D09DBCA6F15A}"
EndProject
Project("{2150E333-8FDC-42A3-9474-1A3956D46DE8}") = "Bot", "Bot", "{C4950C3C-0D61-4401-975C-F88C9838BC5E}"
EndProject
Global
	GlobalSection(SolutionConfigurationPlatforms) = preSolution
		Debug|Any CPU = Debug|Any CPU
		Release|Any CPU = Release|Any CPU
	EndGlobalSection
	GlobalSection(ProjectConfigurationPlatforms) = postSolution
		{65EE1A78-B1EB-48AD-A7E3-41C40FB2C436}.Debug|Any CPU.ActiveCfg = Debug|Any CPU
		{65EE1A78-B1EB-48AD-A7E3-41C40FB2C436}.Debug|Any CPU.Build.0 = Debug|Any CPU
		{65EE1A78-B1EB-48AD-A7E3-41C40FB2C436}.Release|Any CPU.ActiveCfg = Release|Any CPU
		{65EE1A78-B1EB-48AD-A7E3-41C40FB2C436}.Release|Any CPU.Build.0 = Release|Any CPU
		{4A1EA235-DB20-45D3-B2FA-26A0E8E3BFD7}.Debug|Any CPU.ActiveCfg = Debug|Any CPU
		{4A1EA235-DB20-45D3-B2FA-26A0E8E3BFD7}.Debug|Any CPU.Build.0 = Debug|Any CPU
		{4A1EA235-DB20-45D3-B2FA-26A0E8E3BFD7}.Release|Any CPU.ActiveCfg = Release|Any CPU
		{4A1EA235-DB20-45D3-B2FA-26A0E8E3BFD7}.Release|Any CPU.Build.0 = Release|Any CPU
		{81008FC1-1319-4A8E-81A4-E1C309059977}.Debug|Any CPU.ActiveCfg = Debug|Any CPU
		{81008FC1-1319-4A8E-81A4-E1C309059977}.Debug|Any CPU.Build.0 = Debug|Any CPU
		{81008FC1-1319-4A8E-81A4-E1C309059977}.Release|Any CPU.ActiveCfg = Release|Any CPU
		{81008FC1-1319-4A8E-81A4-E1C309059977}.Release|Any CPU.Build.0 = Release|Any CPU
		{8E9360D3-E0CD-4438-B9F2-4E7DBD1A2856}.Debug|Any CPU.ActiveCfg = Debug|Any CPU
		{8E9360D3-E0CD-4438-B9F2-4E7DBD1A2856}.Debug|Any CPU.Build.0 = Debug|Any CPU
		{8E9360D3-E0CD-4438-B9F2-4E7DBD1A2856}.Release|Any CPU.ActiveCfg = Release|Any CPU
		{8E9360D3-E0CD-4438-B9F2-4E7DBD1A2856}.Release|Any CPU.Build.0 = Release|Any CPU
		{F17972EE-5934-419C-93F9-FADE241D7ED6}.Debug|Any CPU.ActiveCfg = Debug|Any CPU
		{F17972EE-5934-419C-93F9-FADE241D7ED6}.Debug|Any CPU.Build.0 = Debug|Any CPU
		{F17972EE-5934-419C-93F9-FADE241D7ED6}.Release|Any CPU.ActiveCfg = Release|Any CPU
		{F17972EE-5934-419C-93F9-FADE241D7ED6}.Release|Any CPU.Build.0 = Release|Any CPU
		{B53998CF-2522-4A6B-8263-1451B8D18C06}.Debug|Any CPU.ActiveCfg = Debug|Any CPU
		{B53998CF-2522-4A6B-8263-1451B8D18C06}.Debug|Any CPU.Build.0 = Debug|Any CPU
		{B53998CF-2522-4A6B-8263-1451B8D18C06}.Release|Any CPU.ActiveCfg = Release|Any CPU
		{B53998CF-2522-4A6B-8263-1451B8D18C06}.Release|Any CPU.Build.0 = Release|Any CPU
		{B3ED0AAC-15BB-410D-AE97-2CEC51E68804}.Debug|Any CPU.ActiveCfg = Debug|Any CPU
		{B3ED0AAC-15BB-410D-AE97-2CEC51E68804}.Debug|Any CPU.Build.0 = Debug|Any CPU
		{B3ED0AAC-15BB-410D-AE97-2CEC51E68804}.Release|Any CPU.ActiveCfg = Release|Any CPU
		{B3ED0AAC-15BB-410D-AE97-2CEC51E68804}.Release|Any CPU.Build.0 = Release|Any CPU
		{46388336-4024-4DBE-99D9-D09DBCA6F15A}.Debug|Any CPU.ActiveCfg = Debug|Any CPU
		{46388336-4024-4DBE-99D9-D09DBCA6F15A}.Debug|Any CPU.Build.0 = Debug|Any CPU
		{46388336-4024-4DBE-99D9-D09DBCA6F15A}.Release|Any CPU.ActiveCfg = Release|Any CPU
		{46388336-4024-4DBE-99D9-D09DBCA6F15A}.Release|Any CPU.Build.0 = Release|Any CPU
	EndGlobalSection
	GlobalSection(SolutionProperties) = preSolution
		HideSolutionNode = FALSE
	EndGlobalSection
	GlobalSection(NestedProjects) = preSolution
		{65EE1A78-B1EB-48AD-A7E3-41C40FB2C436} = {C4950C3C-0D61-4401-975C-F88C9838BC5E}
		{8E9360D3-E0CD-4438-B9F2-4E7DBD1A2856} = {C4950C3C-0D61-4401-975C-F88C9838BC5E}
		{F17972EE-5934-419C-93F9-FADE241D7ED6} = {C4950C3C-0D61-4401-975C-F88C9838BC5E}
		{B53998CF-2522-4A6B-8263-1451B8D18C06} = {C4950C3C-0D61-4401-975C-F88C9838BC5E}
		{B3ED0AAC-15BB-410D-AE97-2CEC51E68804} = {C4950C3C-0D61-4401-975C-F88C9838BC5E}
		{46388336-4024-4DBE-99D9-D09DBCA6F15A} = {C4950C3C-0D61-4401-975C-F88C9838BC5E}
	EndGlobalSection
	GlobalSection(ExtensibilityGlobals) = postSolution
		SolutionGuid = {628460EB-860D-4088-8022-6E9D6D8EAA38}
	EndGlobalSection
EndGlobal
